
Microsoft Visual Studio Solution File, Format Version 12.00
# Visual Studio 15
VisualStudioVersion = 15.0.27130.2027
MinimumVisualStudioVersion = 10.0.40219.1
Project("{FAE04EC0-301F-11D3-BF4B-00C04F79EFBC}") = "BTVN_Day1", "BTVN_Day1\BTVN_Day1.csproj", "{42E772C0-4639-4E89-9D07-9AE35CEC33CB}"
EndProject
Global
	GlobalSection(SolutionConfigurationPlatforms) = preSolution
		Debug|Any CPU = Debug|Any CPU
		Release|Any CPU = Release|Any CPU
	EndGlobalSection
	GlobalSection(ProjectConfigurationPlatforms) = postSolution
		{42E772C0-4639-4E89-9D07-9AE35CEC33CB}.Debug|Any CPU.ActiveCfg = Debug|Any CPU
		{42E772C0-4639-4E89-9D07-9AE35CEC33CB}.Debug|Any CPU.Build.0 = Debug|Any CPU
		{42E772C0-4639-4E89-9D07-9AE35CEC33CB}.Release|Any CPU.ActiveCfg = Release|Any CPU
		{42E772C0-4639-4E89-9D07-9AE35CEC33CB}.Release|Any CPU.Build.0 = Release|Any CPU
	EndGlobalSection
	GlobalSection(SolutionProperties) = preSolution
		HideSolutionNode = FALSE
	EndGlobalSection
	GlobalSection(ExtensibilityGlobals) = postSolution
		SolutionGuid = {6DE5D69E-C7B0-4A1F-BEAC-0F7D16F7AB5A}
	EndGlobalSection
EndGlobal
