
Microsoft Visual Studio Solution File, Format Version 12.00
# Visual Studio 15
VisualStudioVersion = 15.0.27130.2027
MinimumVisualStudioVersion = 10.0.40219.1
Project("{FAE04EC0-301F-11D3-BF4B-00C04F79EFBC}") = "StudentManagement", "StudentManagement\StudentManagement.csproj", "{363F515F-FBEA-4103-AAEE-098D26C4CAED}"
EndProject
Project("{FAE04EC0-301F-11D3-BF4B-00C04F79EFBC}") = "Models", "Models\Models.csproj", "{DC7A6B6B-35F8-4EF7-952B-78252470582C}"
EndProject
Global
	GlobalSection(SolutionConfigurationPlatforms) = preSolution
		Debug|Any CPU = Debug|Any CPU
		Release|Any CPU = Release|Any CPU
	EndGlobalSection
	GlobalSection(ProjectConfigurationPlatforms) = postSolution
		{363F515F-FBEA-4103-AAEE-098D26C4CAED}.Debug|Any CPU.ActiveCfg = Debug|Any CPU
		{363F515F-FBEA-4103-AAEE-098D26C4CAED}.Debug|Any CPU.Build.0 = Debug|Any CPU
		{363F515F-FBEA-4103-AAEE-098D26C4CAED}.Release|Any CPU.ActiveCfg = Release|Any CPU
		{363F515F-FBEA-4103-AAEE-098D26C4CAED}.Release|Any CPU.Build.0 = Release|Any CPU
		{DC7A6B6B-35F8-4EF7-952B-78252470582C}.Debug|Any CPU.ActiveCfg = Debug|Any CPU
		{DC7A6B6B-35F8-4EF7-952B-78252470582C}.Debug|Any CPU.Build.0 = Debug|Any CPU
		{DC7A6B6B-35F8-4EF7-952B-78252470582C}.Release|Any CPU.ActiveCfg = Release|Any CPU
		{DC7A6B6B-35F8-4EF7-952B-78252470582C}.Release|Any CPU.Build.0 = Release|Any CPU
	EndGlobalSection
	GlobalSection(SolutionProperties) = preSolution
		HideSolutionNode = FALSE
	EndGlobalSection
	GlobalSection(ExtensibilityGlobals) = postSolution
		SolutionGuid = {316092B3-9C1A-46D8-8D07-C6A52288381B}
	EndGlobalSection
EndGlobal
