
Microsoft Visual Studio Solution File, Format Version 12.00
# Visual Studio 15
VisualStudioVersion = 15.0.26403.3
MinimumVisualStudioVersion = 10.0.40219.1
Project("{FAE04EC0-301F-11D3-BF4B-00C04F79EFBC}") = "DemoCodeFirst", "DemoCodeFirst\DemoCodeFirst.csproj", "{B9BA6D4C-5BA7-442A-9A07-A4AC69CC528A}"
EndProject
Project("{FAE04EC0-301F-11D3-BF4B-00C04F79EFBC}") = "Models", "Model\Models.csproj", "{86190716-6427-4CA7-ADBD-0C2BC55A50EA}"
EndProject
Global
	GlobalSection(SolutionConfigurationPlatforms) = preSolution
		Debug|Any CPU = Debug|Any CPU
		Release|Any CPU = Release|Any CPU
	EndGlobalSection
	GlobalSection(ProjectConfigurationPlatforms) = postSolution
		{B9BA6D4C-5BA7-442A-9A07-A4AC69CC528A}.Debug|Any CPU.ActiveCfg = Debug|Any CPU
		{B9BA6D4C-5BA7-442A-9A07-A4AC69CC528A}.Debug|Any CPU.Build.0 = Debug|Any CPU
		{B9BA6D4C-5BA7-442A-9A07-A4AC69CC528A}.Release|Any CPU.ActiveCfg = Release|Any CPU
		{B9BA6D4C-5BA7-442A-9A07-A4AC69CC528A}.Release|Any CPU.Build.0 = Release|Any CPU
		{86190716-6427-4CA7-ADBD-0C2BC55A50EA}.Debug|Any CPU.ActiveCfg = Debug|Any CPU
		{86190716-6427-4CA7-ADBD-0C2BC55A50EA}.Debug|Any CPU.Build.0 = Debug|Any CPU
		{86190716-6427-4CA7-ADBD-0C2BC55A50EA}.Release|Any CPU.ActiveCfg = Release|Any CPU
		{86190716-6427-4CA7-ADBD-0C2BC55A50EA}.Release|Any CPU.Build.0 = Release|Any CPU
	EndGlobalSection
	GlobalSection(SolutionProperties) = preSolution
		HideSolutionNode = FALSE
	EndGlobalSection
EndGlobal
